
Microsoft Visual Studio Solution File, Format Version 12.00
# Visual Studio Version 17
VisualStudioVersion = 17.10.35013.160
MinimumVisualStudioVersion = 10.0.40219.1
Project("{FAE04EC0-301F-11D3-BF4B-00C04F79EFBC}") = "MonashComputerDonationDemo", "MonashComputerDonationDemo\MonashComputerDonationDemo.csproj", "{B184C338-84DC-44F7-9F08-AFB057071BA1}"
EndProject
Project("{FAE04EC0-301F-11D3-BF4B-00C04F79EFBC}") = "MonashComputerDonationDemo.Tests", "MonashComputerDonationDemo.Tests\MonashComputerDonationDemo.Tests.csproj", "{852CE3C5-6A38-4092-977C-AC12E1802E86}"
EndProject
Global
	GlobalSection(SolutionConfigurationPlatforms) = preSolution
		Debug|Any CPU = Debug|Any CPU
		Release|Any CPU = Release|Any CPU
	EndGlobalSection
	GlobalSection(ProjectConfigurationPlatforms) = postSolution
		{B184C338-84DC-44F7-9F08-AFB057071BA1}.Debug|Any CPU.ActiveCfg = Debug|Any CPU
		{B184C338-84DC-44F7-9F08-AFB057071BA1}.Debug|Any CPU.Build.0 = Debug|Any CPU
		{B184C338-84DC-44F7-9F08-AFB057071BA1}.Release|Any CPU.ActiveCfg = Release|Any CPU
		{B184C338-84DC-44F7-9F08-AFB057071BA1}.Release|Any CPU.Build.0 = Release|Any CPU
		{852CE3C5-6A38-4092-977C-AC12E1802E86}.Debug|Any CPU.ActiveCfg = Debug|Any CPU
		{852CE3C5-6A38-4092-977C-AC12E1802E86}.Debug|Any CPU.Build.0 = Debug|Any CPU
		{852CE3C5-6A38-4092-977C-AC12E1802E86}.Release|Any CPU.ActiveCfg = Release|Any CPU
		{852CE3C5-6A38-4092-977C-AC12E1802E86}.Release|Any CPU.Build.0 = Release|Any CPU
	EndGlobalSection
	GlobalSection(SolutionProperties) = preSolution
		HideSolutionNode = FALSE
	EndGlobalSection
	GlobalSection(ExtensibilityGlobals) = postSolution
		SolutionGuid = {B2465A62-39A5-4C7F-9AA6-2B55D31E3844}
	EndGlobalSection
EndGlobal
